// !$*UTF8*$!
{
	archiveVersion = 1;
	classes = {
	};
	objectVersion = 50;
	objects = {

/* Begin PBXBuildFile section */
		650BBCFD219FE09D00D7046D /* PeriodRecordDetailInfoView.swift in Sources */ = {isa = PBXBuildFile; fileRef = 650BBCFC219FE09D00D7046D /* PeriodRecordDetailInfoView.swift */; };
		650BBCFF219FE0B200D7046D /* PeriodRecordDetailImagesView.swift in Sources */ = {isa = PBXBuildFile; fileRef = 650BBCFE219FE0B200D7046D /* PeriodRecordDetailImagesView.swift */; };
		650BBD01219FFA8200D7046D /* ComplaintViewController.swift in Sources */ = {isa = PBXBuildFile; fileRef = 650BBD00219FFA8200D7046D /* ComplaintViewController.swift */; };
		650BBD0521A05B4500D7046D /* ComplaintView.swift in Sources */ = {isa = PBXBuildFile; fileRef = 650BBD0421A05B4500D7046D /* ComplaintView.swift */; };
		656A91B6219DB516005427C8 /* PeriodSearchView.swift in Sources */ = {isa = PBXBuildFile; fileRef = 656A91B5219DB516005427C8 /* PeriodSearchView.swift */; };
		65854ECC21A146D4004F72CC /* ComplaintSelectObjectView.swift in Sources */ = {isa = PBXBuildFile; fileRef = 65854ECB21A146D4004F72CC /* ComplaintSelectObjectView.swift */; };
		65854ED321A165AC004F72CC /* icon_right_tip1.png in Resources */ = {isa = PBXBuildFile; fileRef = 65854ECD21A165AC004F72CC /* icon_right_tip1.png */; };
		65854ED421A165AC004F72CC /* icon_right_tip2.png in Resources */ = {isa = PBXBuildFile; fileRef = 65854ECE21A165AC004F72CC /* icon_right_tip2.png */; };
		65854ED521A165AC004F72CC /* icon_right_tip2@3x.png in Resources */ = {isa = PBXBuildFile; fileRef = 65854ECF21A165AC004F72CC /* icon_right_tip2@3x.png */; };
		65854ED621A165AC004F72CC /* icon_right_tip2@2x.png in Resources */ = {isa = PBXBuildFile; fileRef = 65854ED021A165AC004F72CC /* icon_right_tip2@2x.png */; };
		65854ED721A165AC004F72CC /* icon_right_tip1@3x.png in Resources */ = {isa = PBXBuildFile; fileRef = 65854ED121A165AC004F72CC /* icon_right_tip1@3x.png */; };
		65854ED821A165AC004F72CC /* icon_right_tip1@2x.png in Resources */ = {isa = PBXBuildFile; fileRef = 65854ED221A165AC004F72CC /* icon_right_tip1@2x.png */; };
		65854EDC21A16633004F72CC /* icon_sex_man.png in Resources */ = {isa = PBXBuildFile; fileRef = 65854ED921A16633004F72CC /* icon_sex_man.png */; };
		65854EDD21A16633004F72CC /* icon_sex_man@2x.png in Resources */ = {isa = PBXBuildFile; fileRef = 65854EDA21A16633004F72CC /* icon_sex_man@2x.png */; };
		65854EDE21A16633004F72CC /* icon_sex_man@3x.png in Resources */ = {isa = PBXBuildFile; fileRef = 65854EDB21A16633004F72CC /* icon_sex_man@3x.png */; };
		65854EE021A16660004F72CC /* MineTrainInfoViewController.swift in Sources */ = {isa = PBXBuildFile; fileRef = 65854EDF21A16660004F72CC /* MineTrainInfoViewController.swift */; };
		65854EE221A166A7004F72CC /* MineInfoView.swift in Sources */ = {isa = PBXBuildFile; fileRef = 65854EE121A166A7004F72CC /* MineInfoView.swift */; };
		65854EE421A168F0004F72CC /* MineTrainInfoView.swift in Sources */ = {isa = PBXBuildFile; fileRef = 65854EE321A168F0004F72CC /* MineTrainInfoView.swift */; };
		65854EE721A1A7D5004F72CC /* ZLAlertView.swift in Sources */ = {isa = PBXBuildFile; fileRef = 65854EE621A1A7D5004F72CC /* ZLAlertView.swift */; };
		84F9731221900EF400433E65 /* AppDelegate.swift in Sources */ = {isa = PBXBuildFile; fileRef = 84F9731121900EF400433E65 /* AppDelegate.swift */; };
		84F9731421900EF400433E65 /* ViewController.swift in Sources */ = {isa = PBXBuildFile; fileRef = 84F9731321900EF400433E65 /* ViewController.swift */; };
		84F9731721900EF400433E65 /* Main.storyboard in Resources */ = {isa = PBXBuildFile; fileRef = 84F9731521900EF400433E65 /* Main.storyboard */; };
		84F9731921900EF600433E65 /* Assets.xcassets in Resources */ = {isa = PBXBuildFile; fileRef = 84F9731821900EF600433E65 /* Assets.xcassets */; };
		84F9731C21900EF600433E65 /* LaunchScreen.storyboard in Resources */ = {isa = PBXBuildFile; fileRef = 84F9731A21900EF600433E65 /* LaunchScreen.storyboard */; };
		84F9732921901B6A00433E65 /* API.swift in Sources */ = {isa = PBXBuildFile; fileRef = 84F9732821901B6A00433E65 /* API.swift */; };
		84F9732D2190220700433E65 /* MineViewController.swift in Sources */ = {isa = PBXBuildFile; fileRef = 84F9732C2190220700433E65 /* MineViewController.swift */; };
		84F9732F2190224900433E65 /* PeriodSearchViewController.swift in Sources */ = {isa = PBXBuildFile; fileRef = 84F9732E2190224900433E65 /* PeriodSearchViewController.swift */; };
		84F97336219023F600433E65 /* BaseContentView.swift in Sources */ = {isa = PBXBuildFile; fileRef = 84F97335219023F600433E65 /* BaseContentView.swift */; };
		84F97338219025D200433E65 /* BaseNavigationViewController.swift in Sources */ = {isa = PBXBuildFile; fileRef = 84F97337219025D200433E65 /* BaseNavigationViewController.swift */; };
		84F973412190271900433E65 /* WRNavigationBar.swift in Sources */ = {isa = PBXBuildFile; fileRef = 84F9733B2190271900433E65 /* WRNavigationBar.swift */; };
		84F973422190271900433E65 /* WRCustomNavigationBar.swift in Sources */ = {isa = PBXBuildFile; fileRef = 84F9733C2190271900433E65 /* WRCustomNavigationBar.swift */; };
		84F973432190271900433E65 /* WRProxy.swift in Sources */ = {isa = PBXBuildFile; fileRef = 84F9733E2190271900433E65 /* WRProxy.swift */; };
		84F973442190271900433E65 /* WRCycleScrollView.swift in Sources */ = {isa = PBXBuildFile; fileRef = 84F9733F2190271900433E65 /* WRCycleScrollView.swift */; };
		84F973452190271900433E65 /* WRCycleCell.swift in Sources */ = {isa = PBXBuildFile; fileRef = 84F973402190271900433E65 /* WRCycleCell.swift */; };
		84F97348219035BF00433E65 /* MineTableViewCell.swift in Sources */ = {isa = PBXBuildFile; fileRef = 84F97347219035BF00433E65 /* MineTableViewCell.swift */; };
		84F9734C2190394C00433E65 /* ConstantIntro.swift in Sources */ = {isa = PBXBuildFile; fileRef = 84F9734B2190394C00433E65 /* ConstantIntro.swift */; };
		84F9735121903AB700433E65 /* pic1.jpeg in Resources */ = {isa = PBXBuildFile; fileRef = 84F9734E21903AB700433E65 /* pic1.jpeg */; };
		84F9735221903AB700433E65 /* pic3.jpeg in Resources */ = {isa = PBXBuildFile; fileRef = 84F9734F21903AB700433E65 /* pic3.jpeg */; };
		84F9735321903AB700433E65 /* pic2.jpeg in Resources */ = {isa = PBXBuildFile; fileRef = 84F9735021903AB700433E65 /* pic2.jpeg */; };
		84F9735A2190499D00433E65 /* DIYMJRefresh.swift in Sources */ = {isa = PBXBuildFile; fileRef = 84F973592190499D00433E65 /* DIYMJRefresh.swift */; };
		84F9735D21918D5800433E65 /* LoginViewController.swift in Sources */ = {isa = PBXBuildFile; fileRef = 84F9735C21918D5800433E65 /* LoginViewController.swift */; };
		84F9736021919C7E00433E65 /* LoginHeaderView.swift in Sources */ = {isa = PBXBuildFile; fileRef = 84F9735F21919C7E00433E65 /* LoginHeaderView.swift */; };
		84F973622191A30F00433E65 /* LoginInfoView.swift in Sources */ = {isa = PBXBuildFile; fileRef = 84F973612191A30F00433E65 /* LoginInfoView.swift */; };
		84F9736C2192E20900433E65 /* UserDefaults.swift in Sources */ = {isa = PBXBuildFile; fileRef = 84F9736B2192E20900433E65 /* UserDefaults.swift */; };
		84F97372219984C500433E65 /* NetworkManager.swift in Sources */ = {isa = PBXBuildFile; fileRef = 84F97371219984C500433E65 /* NetworkManager.swift */; };
		84F97375219A767B00433E65 /* Md5String.swift in Sources */ = {isa = PBXBuildFile; fileRef = 84F97374219A767B00433E65 /* Md5String.swift */; };
		84F97379219A88F800433E65 /* StringToDictionary.swift in Sources */ = {isa = PBXBuildFile; fileRef = 84F97378219A88F800433E65 /* StringToDictionary.swift */; };
		84F97383219AA7F100433E65 /* icon_login_code.png in Resources */ = {isa = PBXBuildFile; fileRef = 84F9737A219AA7F000433E65 /* icon_login_code.png */; };
		84F97384219AA7F100433E65 /* icon_login_phone@2x.png in Resources */ = {isa = PBXBuildFile; fileRef = 84F9737B219AA7F000433E65 /* icon_login_phone@2x.png */; };
		84F97385219AA7F100433E65 /* icon_login_number@3x.png in Resources */ = {isa = PBXBuildFile; fileRef = 84F9737C219AA7F000433E65 /* icon_login_number@3x.png */; };
		84F97386219AA7F100433E65 /* icon_login_code@3x.png in Resources */ = {isa = PBXBuildFile; fileRef = 84F9737D219AA7F000433E65 /* icon_login_code@3x.png */; };
		84F97387219AA7F100433E65 /* icon_login_number@2x.png in Resources */ = {isa = PBXBuildFile; fileRef = 84F9737E219AA7F000433E65 /* icon_login_number@2x.png */; };
		84F97388219AA7F100433E65 /* icon_login_number.png in Resources */ = {isa = PBXBuildFile; fileRef = 84F9737F219AA7F100433E65 /* icon_login_number.png */; };
		84F97389219AA7F100433E65 /* icon_login_code@2x.png in Resources */ = {isa = PBXBuildFile; fileRef = 84F97380219AA7F100433E65 /* icon_login_code@2x.png */; };
		84F9738A219AA7F100433E65 /* icon_login_phone@3x.png in Resources */ = {isa = PBXBuildFile; fileRef = 84F97381219AA7F100433E65 /* icon_login_phone@3x.png */; };
		84F9738B219AA7F100433E65 /* icon_login_phone.png in Resources */ = {isa = PBXBuildFile; fileRef = 84F97382219AA7F100433E65 /* icon_login_phone.png */; };
		84F9738F219AAF0D00433E65 /* icon_login_drivingType@3x.png in Resources */ = {isa = PBXBuildFile; fileRef = 84F9738C219AAF0D00433E65 /* icon_login_drivingType@3x.png */; };
		84F97390219AAF0D00433E65 /* icon_login_drivingType.png in Resources */ = {isa = PBXBuildFile; fileRef = 84F9738D219AAF0D00433E65 /* icon_login_drivingType.png */; };
		84F97391219AAF0D00433E65 /* icon_login_drivingType@2x.png in Resources */ = {isa = PBXBuildFile; fileRef = 84F9738E219AAF0D00433E65 /* icon_login_drivingType@2x.png */; };
		84F97396219BB4F900433E65 /* drivingType.plist in Resources */ = {isa = PBXBuildFile; fileRef = 84F97394219BB4F900433E65 /* drivingType.plist */; };
		84F97397219BB4F900433E65 /* DrivingTypePickerView.swift in Sources */ = {isa = PBXBuildFile; fileRef = 84F97395219BB4F900433E65 /* DrivingTypePickerView.swift */; };
		84F9739A219BB50700433E65 /* UIView+KLExtension.swift in Sources */ = {isa = PBXBuildFile; fileRef = 84F97398219BB50700433E65 /* UIView+KLExtension.swift */; };
		84F9739F219C023100433E65 /* MineInfoTableViewCell.swift in Sources */ = {isa = PBXBuildFile; fileRef = 84F9739E219C023100433E65 /* MineInfoTableViewCell.swift */; };
		84F973A1219D1B6600433E65 /* MineInfoViewController.swift in Sources */ = {isa = PBXBuildFile; fileRef = 84F973A0219D1B6600433E65 /* MineInfoViewController.swift */; };
		84F973A3219D1BB600433E65 /* MineInfoControTableViewCell.swift in Sources */ = {isa = PBXBuildFile; fileRef = 84F973A2219D1BB600433E65 /* MineInfoControTableViewCell.swift */; };
		84F973A5219D31E600433E65 /* BaseViewController.swift in Sources */ = {isa = PBXBuildFile; fileRef = 84F973A4219D31E600433E65 /* BaseViewController.swift */; };
		84F973AD219D3FDA00433E65 /* BaseButton.swift in Sources */ = {isa = PBXBuildFile; fileRef = 84F973AC219D3FDA00433E65 /* BaseButton.swift */; };
		84F973AF219D43A100433E65 /* MineChancePhoneNumberViewController.swift in Sources */ = {isa = PBXBuildFile; fileRef = 84F973AE219D43A100433E65 /* MineChancePhoneNumberViewController.swift */; };
		84F973B1219D43E100433E65 /* MineChanceNickNameAndSignViewController.swift in Sources */ = {isa = PBXBuildFile; fileRef = 84F973B0219D43E100433E65 /* MineChanceNickNameAndSignViewController.swift */; };
		84F973B3219D450F00433E65 /* MineChancePhoneNumberView.swift in Sources */ = {isa = PBXBuildFile; fileRef = 84F973B2219D450F00433E65 /* MineChancePhoneNumberView.swift */; };
		84F973CF219D5F5000433E65 /* icon_sex_woman@3x.png in Resources */ = {isa = PBXBuildFile; fileRef = 84F973B4219D5F4E00433E65 /* icon_sex_woman@3x.png */; };
		84F973D0219D5F5000433E65 /* icon_select_no@2x.png in Resources */ = {isa = PBXBuildFile; fileRef = 84F973B5219D5F4E00433E65 /* icon_select_no@2x.png */; };
		84F973D1219D5F5000433E65 /* home_usercenter_select.png in Resources */ = {isa = PBXBuildFile; fileRef = 84F973B6219D5F4E00433E65 /* home_usercenter_select.png */; };
		84F973D2219D5F5000433E65 /* home_search_select@3x.png in Resources */ = {isa = PBXBuildFile; fileRef = 84F973B7219D5F4E00433E65 /* home_search_select@3x.png */; };
		84F973D3219D5F5000433E65 /* home_usercenter_nomal@3x.png in Resources */ = {isa = PBXBuildFile; fileRef = 84F973B8219D5F4F00433E65 /* home_usercenter_nomal@3x.png */; };
		84F973D4219D5F5000433E65 /* home_search_normal.png in Resources */ = {isa = PBXBuildFile; fileRef = 84F973B9219D5F4F00433E65 /* home_search_normal.png */; };
		84F973D5219D5F5000433E65 /* icon_my_train@3x.png in Resources */ = {isa = PBXBuildFile; fileRef = 84F973BA219D5F4F00433E65 /* icon_my_train@3x.png */; };
		84F973D6219D5F5000433E65 /* icon_my_train.png in Resources */ = {isa = PBXBuildFile; fileRef = 84F973BB219D5F4F00433E65 /* icon_my_train.png */; };
		84F973D7219D5F5000433E65 /* home_usercenter_nomal@2x.png in Resources */ = {isa = PBXBuildFile; fileRef = 84F973BC219D5F4F00433E65 /* home_usercenter_nomal@2x.png */; };
		84F973D8219D5F5000433E65 /* icon_my_train@2x.png in Resources */ = {isa = PBXBuildFile; fileRef = 84F973BD219D5F4F00433E65 /* icon_my_train@2x.png */; };
		84F973D9219D5F5000433E65 /* icon_select_no.png in Resources */ = {isa = PBXBuildFile; fileRef = 84F973BE219D5F4F00433E65 /* icon_select_no.png */; };
		84F973DA219D5F5000433E65 /* icon_link_web.png in Resources */ = {isa = PBXBuildFile; fileRef = 84F973BF219D5F4F00433E65 /* icon_link_web.png */; };
		84F973DB219D5F5000433E65 /* icon_sex_woman.png in Resources */ = {isa = PBXBuildFile; fileRef = 84F973C0219D5F4F00433E65 /* icon_sex_woman.png */; };
		84F973DC219D5F5000433E65 /* icon_sex_woman@2x.png in Resources */ = {isa = PBXBuildFile; fileRef = 84F973C1219D5F4F00433E65 /* icon_sex_woman@2x.png */; };
		84F973DD219D5F5000433E65 /* icon_select_no@3x.png in Resources */ = {isa = PBXBuildFile; fileRef = 84F973C2219D5F4F00433E65 /* icon_select_no@3x.png */; };
		84F973DE219D5F5000433E65 /* home_search_select@2x.png in Resources */ = {isa = PBXBuildFile; fileRef = 84F973C3219D5F4F00433E65 /* home_search_select@2x.png */; };
		84F973DF219D5F5000433E65 /* icon_link_web@2x.png in Resources */ = {isa = PBXBuildFile; fileRef = 84F973C4219D5F4F00433E65 /* icon_link_web@2x.png */; };
		84F973E0219D5F5000433E65 /* home_search_normal@2x.png in Resources */ = {isa = PBXBuildFile; fileRef = 84F973C5219D5F4F00433E65 /* home_search_normal@2x.png */; };
		84F973E1219D5F5000433E65 /* icon_select_yes@3x.png in Resources */ = {isa = PBXBuildFile; fileRef = 84F973C6219D5F4F00433E65 /* icon_select_yes@3x.png */; };
		84F973E2219D5F5000433E65 /* icon_link_web@3x.png in Resources */ = {isa = PBXBuildFile; fileRef = 84F973C7219D5F4F00433E65 /* icon_link_web@3x.png */; };
		84F973E3219D5F5000433E65 /* home_search_select.png in Resources */ = {isa = PBXBuildFile; fileRef = 84F973C8219D5F4F00433E65 /* home_search_select.png */; };
		84F973E4219D5F5000433E65 /* icon_select_yes@2x.png in Resources */ = {isa = PBXBuildFile; fileRef = 84F973C9219D5F4F00433E65 /* icon_select_yes@2x.png */; };
		84F973E5219D5F5000433E65 /* home_search_normal@3x.png in Resources */ = {isa = PBXBuildFile; fileRef = 84F973CA219D5F4F00433E65 /* home_search_normal@3x.png */; };
		84F973E6219D5F5000433E65 /* icon_select_yes.png in Resources */ = {isa = PBXBuildFile; fileRef = 84F973CB219D5F4F00433E65 /* icon_select_yes.png */; };
		84F973E7219D5F5000433E65 /* home_usercenter_select@2x.png in Resources */ = {isa = PBXBuildFile; fileRef = 84F973CC219D5F4F00433E65 /* home_usercenter_select@2x.png */; };
		84F973E8219D5F5000433E65 /* home_usercenter_select@3x.png in Resources */ = {isa = PBXBuildFile; fileRef = 84F973CD219D5F4F00433E65 /* home_usercenter_select@3x.png */; };
		84F973E9219D5F5000433E65 /* home_usercenter_nomal.png in Resources */ = {isa = PBXBuildFile; fileRef = 84F973CE219D5F5000433E65 /* home_usercenter_nomal.png */; };
		84F973EF219E803900433E65 /* UIColor+Extension.swift in Sources */ = {isa = PBXBuildFile; fileRef = 84F973EE219E803900433E65 /* UIColor+Extension.swift */; };
		84F973F2219E819C00433E65 /* ZLPageStyle.swift in Sources */ = {isa = PBXBuildFile; fileRef = 84F973F1219E819C00433E65 /* ZLPageStyle.swift */; };
		84F973F4219E844300433E65 /* ZLPageTitleView.swift in Sources */ = {isa = PBXBuildFile; fileRef = 84F973F3219E844300433E65 /* ZLPageTitleView.swift */; };
		84F973F6219E845900433E65 /* ZLPageView.swift in Sources */ = {isa = PBXBuildFile; fileRef = 84F973F5219E845900433E65 /* ZLPageView.swift */; };
		84F973F8219E904500433E65 /* PeriodPartViewController.swift in Sources */ = {isa = PBXBuildFile; fileRef = 84F973F7219E904500433E65 /* PeriodPartViewController.swift */; };
		84F973FA219E963600433E65 /* PeriodRecordViewController.swift in Sources */ = {isa = PBXBuildFile; fileRef = 84F973F9219E963600433E65 /* PeriodRecordViewController.swift */; };
		84F973FC219E97D000433E65 /* PeriodRecordTableViewCell.swift in Sources */ = {isa = PBXBuildFile; fileRef = 84F973FB219E97D000433E65 /* PeriodRecordTableViewCell.swift */; };
		84F973FE219E9CE100433E65 /* PeriodRecordHeaderView.swift in Sources */ = {isa = PBXBuildFile; fileRef = 84F973FD219E9CE100433E65 /* PeriodRecordHeaderView.swift */; };
		84F97408219EAC6900433E65 /* icon_train_date@2x.png in Resources */ = {isa = PBXBuildFile; fileRef = 84F973FF219EAC6900433E65 /* icon_train_date@2x.png */; };
		84F97409219EAC6900433E65 /* icon_back@2x.png in Resources */ = {isa = PBXBuildFile; fileRef = 84F97400219EAC6900433E65 /* icon_back@2x.png */; };
		84F9740A219EAC6900433E65 /* icon_back@3x.png in Resources */ = {isa = PBXBuildFile; fileRef = 84F97401219EAC6900433E65 /* icon_back@3x.png */; };
		84F9740B219EAC6900433E65 /* icon_train_time.png in Resources */ = {isa = PBXBuildFile; fileRef = 84F97402219EAC6900433E65 /* icon_train_time.png */; };
		84F9740C219EAC6900433E65 /* icon_back.png in Resources */ = {isa = PBXBuildFile; fileRef = 84F97403219EAC6900433E65 /* icon_back.png */; };
		84F9740D219EAC6900433E65 /* icon_train_time@2x.png in Resources */ = {isa = PBXBuildFile; fileRef = 84F97404219EAC6900433E65 /* icon_train_time@2x.png */; };
		84F9740E219EAC6900433E65 /* icon_train_date@3x.png in Resources */ = {isa = PBXBuildFile; fileRef = 84F97405219EAC6900433E65 /* icon_train_date@3x.png */; };
		84F9740F219EAC6900433E65 /* icon_train_time@3x.png in Resources */ = {isa = PBXBuildFile; fileRef = 84F97406219EAC6900433E65 /* icon_train_time@3x.png */; };
		84F97410219EAC6900433E65 /* icon_train_date.png in Resources */ = {isa = PBXBuildFile; fileRef = 84F97407219EAC6900433E65 /* icon_train_date.png */; };
		84F97412219EADF000433E65 /* PeriodRecordDetailViewController.swift in Sources */ = {isa = PBXBuildFile; fileRef = 84F97411219EADF000433E65 /* PeriodRecordDetailViewController.swift */; };
		D9FD195FCB01C3EBE1BAB838 /* Pods_Chongqing_traffic.framework in Frameworks */ = {isa = PBXBuildFile; fileRef = BD8B3D33CB91BE0D738B602A /* Pods_Chongqing_traffic.framework */; };
/* End PBXBuildFile section */

/* Begin PBXFileReference section */
		375784E0078E200F7F1EB62D /* Pods-Chongqing traffic.debug.xcconfig */ = {isa = PBXFileReference; includeInIndex = 1; lastKnownFileType = text.xcconfig; name = "Pods-Chongqing traffic.debug.xcconfig"; path = "Pods/Target Support Files/Pods-Chongqing traffic/Pods-Chongqing traffic.debug.xcconfig"; sourceTree = "<group>"; };
		650BBCFC219FE09D00D7046D /* PeriodRecordDetailInfoView.swift */ = {isa = PBXFileReference; lastKnownFileType = sourcecode.swift; path = PeriodRecordDetailInfoView.swift; sourceTree = "<group>"; };
		650BBCFE219FE0B200D7046D /* PeriodRecordDetailImagesView.swift */ = {isa = PBXFileReference; lastKnownFileType = sourcecode.swift; path = PeriodRecordDetailImagesView.swift; sourceTree = "<group>"; };
		650BBD00219FFA8200D7046D /* ComplaintViewController.swift */ = {isa = PBXFileReference; lastKnownFileType = sourcecode.swift; path = ComplaintViewController.swift; sourceTree = "<group>"; };
		650BBD0421A05B4500D7046D /* ComplaintView.swift */ = {isa = PBXFileReference; lastKnownFileType = sourcecode.swift; path = ComplaintView.swift; sourceTree = "<group>"; };
		656A91B5219DB516005427C8 /* PeriodSearchView.swift */ = {isa = PBXFileReference; lastKnownFileType = sourcecode.swift; path = PeriodSearchView.swift; sourceTree = "<group>"; };
		65854ECB21A146D4004F72CC /* ComplaintSelectObjectView.swift */ = {isa = PBXFileReference; lastKnownFileType = sourcecode.swift; path = ComplaintSelectObjectView.swift; sourceTree = "<group>"; };
		65854ECD21A165AC004F72CC /* icon_right_tip1.png */ = {isa = PBXFileReference; lastKnownFileType = image.png; path = icon_right_tip1.png; sourceTree = "<group>"; };
		65854ECE21A165AC004F72CC /* icon_right_tip2.png */ = {isa = PBXFileReference; lastKnownFileType = image.png; path = icon_right_tip2.png; sourceTree = "<group>"; };
		65854ECF21A165AC004F72CC /* icon_right_tip2@3x.png */ = {isa = PBXFileReference; lastKnownFileType = image.png; path = "icon_right_tip2@3x.png"; sourceTree = "<group>"; };
		65854ED021A165AC004F72CC /* icon_right_tip2@2x.png */ = {isa = PBXFileReference; lastKnownFileType = image.png; path = "icon_right_tip2@2x.png"; sourceTree = "<group>"; };
		65854ED121A165AC004F72CC /* icon_right_tip1@3x.png */ = {isa = PBXFileReference; lastKnownFileType = image.png; path = "icon_right_tip1@3x.png"; sourceTree = "<group>"; };
		65854ED221A165AC004F72CC /* icon_right_tip1@2x.png */ = {isa = PBXFileReference; lastKnownFileType = image.png; path = "icon_right_tip1@2x.png"; sourceTree = "<group>"; };
		65854ED921A16633004F72CC /* icon_sex_man.png */ = {isa = PBXFileReference; lastKnownFileType = image.png; path = icon_sex_man.png; sourceTree = "<group>"; };
		65854EDA21A16633004F72CC /* icon_sex_man@2x.png */ = {isa = PBXFileReference; lastKnownFileType = image.png; path = "icon_sex_man@2x.png"; sourceTree = "<group>"; };
		65854EDB21A16633004F72CC /* icon_sex_man@3x.png */ = {isa = PBXFileReference; lastKnownFileType = image.png; path = "icon_sex_man@3x.png"; sourceTree = "<group>"; };
		65854EDF21A16660004F72CC /* MineTrainInfoViewController.swift */ = {isa = PBXFileReference; lastKnownFileType = sourcecode.swift; path = MineTrainInfoViewController.swift; sourceTree = "<group>"; };
		65854EE121A166A7004F72CC /* MineInfoView.swift */ = {isa = PBXFileReference; lastKnownFileType = sourcecode.swift; path = MineInfoView.swift; sourceTree = "<group>"; };
		65854EE321A168F0004F72CC /* MineTrainInfoView.swift */ = {isa = PBXFileReference; lastKnownFileType = sourcecode.swift; path = MineTrainInfoView.swift; sourceTree = "<group>"; };
		65854EE621A1A7D5004F72CC /* ZLAlertView.swift */ = {isa = PBXFileReference; lastKnownFileType = sourcecode.swift; path = ZLAlertView.swift; sourceTree = "<group>"; };
		84F9730E21900EF400433E65 /* Chongqing traffic.app */ = {isa = PBXFileReference; explicitFileType = wrapper.application; includeInIndex = 0; path = "Chongqing traffic.app"; sourceTree = BUILT_PRODUCTS_DIR; };
		84F9731121900EF400433E65 /* AppDelegate.swift */ = {isa = PBXFileReference; lastKnownFileType = sourcecode.swift; path = AppDelegate.swift; sourceTree = "<group>"; };
		84F9731321900EF400433E65 /* ViewController.swift */ = {isa = PBXFileReference; lastKnownFileType = sourcecode.swift; path = ViewController.swift; sourceTree = "<group>"; };
		84F9731621900EF400433E65 /* Base */ = {isa = PBXFileReference; lastKnownFileType = file.storyboard; name = Base; path = Base.lproj/Main.storyboard; sourceTree = "<group>"; };
		84F9731821900EF600433E65 /* Assets.xcassets */ = {isa = PBXFileReference; lastKnownFileType = folder.assetcatalog; path = Assets.xcassets; sourceTree = "<group>"; };
		84F9731B21900EF600433E65 /* Base */ = {isa = PBXFileReference; lastKnownFileType = file.storyboard; name = Base; path = Base.lproj/LaunchScreen.storyboard; sourceTree = "<group>"; };
		84F9731D21900EF600433E65 /* Info.plist */ = {isa = PBXFileReference; lastKnownFileType = text.plist.xml; path = Info.plist; sourceTree = "<group>"; };
		84F9732821901B6A00433E65 /* API.swift */ = {isa = PBXFileReference; lastKnownFileType = sourcecode.swift; path = API.swift; sourceTree = "<group>"; };
		84F9732C2190220700433E65 /* MineViewController.swift */ = {isa = PBXFileReference; lastKnownFileType = sourcecode.swift; path = MineViewController.swift; sourceTree = "<group>"; };
		84F9732E2190224900433E65 /* PeriodSearchViewController.swift */ = {isa = PBXFileReference; lastKnownFileType = sourcecode.swift; path = PeriodSearchViewController.swift; sourceTree = "<group>"; };
		84F97335219023F600433E65 /* BaseContentView.swift */ = {isa = PBXFileReference; lastKnownFileType = sourcecode.swift; path = BaseContentView.swift; sourceTree = "<group>"; };
		84F97337219025D200433E65 /* BaseNavigationViewController.swift */ = {isa = PBXFileReference; lastKnownFileType = sourcecode.swift; path = BaseNavigationViewController.swift; sourceTree = "<group>"; };
		84F9733B2190271900433E65 /* WRNavigationBar.swift */ = {isa = PBXFileReference; fileEncoding = 4; lastKnownFileType = sourcecode.swift; path = WRNavigationBar.swift; sourceTree = "<group>"; };
		84F9733C2190271900433E65 /* WRCustomNavigationBar.swift */ = {isa = PBXFileReference; fileEncoding = 4; lastKnownFileType = sourcecode.swift; path = WRCustomNavigationBar.swift; sourceTree = "<group>"; };
		84F9733E2190271900433E65 /* WRProxy.swift */ = {isa = PBXFileReference; fileEncoding = 4; lastKnownFileType = sourcecode.swift; path = WRProxy.swift; sourceTree = "<group>"; };
		84F9733F2190271900433E65 /* WRCycleScrollView.swift */ = {isa = PBXFileReference; fileEncoding = 4; lastKnownFileType = sourcecode.swift; path = WRCycleScrollView.swift; sourceTree = "<group>"; };
		84F973402190271900433E65 /* WRCycleCell.swift */ = {isa = PBXFileReference; fileEncoding = 4; lastKnownFileType = sourcecode.swift; path = WRCycleCell.swift; sourceTree = "<group>"; };
		84F97347219035BF00433E65 /* MineTableViewCell.swift */ = {isa = PBXFileReference; lastKnownFileType = sourcecode.swift; path = MineTableViewCell.swift; sourceTree = "<group>"; };
		84F9734B2190394C00433E65 /* ConstantIntro.swift */ = {isa = PBXFileReference; lastKnownFileType = sourcecode.swift; path = ConstantIntro.swift; sourceTree = "<group>"; };
		84F9734E21903AB700433E65 /* pic1.jpeg */ = {isa = PBXFileReference; lastKnownFileType = image.jpeg; path = pic1.jpeg; sourceTree = "<group>"; };
		84F9734F21903AB700433E65 /* pic3.jpeg */ = {isa = PBXFileReference; lastKnownFileType = image.jpeg; path = pic3.jpeg; sourceTree = "<group>"; };
		84F9735021903AB700433E65 /* pic2.jpeg */ = {isa = PBXFileReference; lastKnownFileType = image.jpeg; path = pic2.jpeg; sourceTree = "<group>"; };
		84F973592190499D00433E65 /* DIYMJRefresh.swift */ = {isa = PBXFileReference; lastKnownFileType = sourcecode.swift; path = DIYMJRefresh.swift; sourceTree = "<group>"; };
		84F9735C21918D5800433E65 /* LoginViewController.swift */ = {isa = PBXFileReference; lastKnownFileType = sourcecode.swift; path = LoginViewController.swift; sourceTree = "<group>"; };
		84F9735F21919C7E00433E65 /* LoginHeaderView.swift */ = {isa = PBXFileReference; lastKnownFileType = sourcecode.swift; path = LoginHeaderView.swift; sourceTree = "<group>"; };
		84F973612191A30F00433E65 /* LoginInfoView.swift */ = {isa = PBXFileReference; lastKnownFileType = sourcecode.swift; path = LoginInfoView.swift; sourceTree = "<group>"; };
		84F9736B2192E20900433E65 /* UserDefaults.swift */ = {isa = PBXFileReference; fileEncoding = 4; lastKnownFileType = sourcecode.swift; path = UserDefaults.swift; sourceTree = "<group>"; };
		84F97371219984C500433E65 /* NetworkManager.swift */ = {isa = PBXFileReference; lastKnownFileType = sourcecode.swift; path = NetworkManager.swift; sourceTree = "<group>"; };
		84F97374219A767B00433E65 /* Md5String.swift */ = {isa = PBXFileReference; lastKnownFileType = sourcecode.swift; path = Md5String.swift; sourceTree = "<group>"; };
		84F97378219A88F800433E65 /* StringToDictionary.swift */ = {isa = PBXFileReference; lastKnownFileType = sourcecode.swift; path = StringToDictionary.swift; sourceTree = "<group>"; };
		84F9737A219AA7F000433E65 /* icon_login_code.png */ = {isa = PBXFileReference; lastKnownFileType = image.png; path = icon_login_code.png; sourceTree = "<group>"; };
		84F9737B219AA7F000433E65 /* icon_login_phone@2x.png */ = {isa = PBXFileReference; lastKnownFileType = image.png; path = "icon_login_phone@2x.png"; sourceTree = "<group>"; };
		84F9737C219AA7F000433E65 /* icon_login_number@3x.png */ = {isa = PBXFileReference; lastKnownFileType = image.png; path = "icon_login_number@3x.png"; sourceTree = "<group>"; };
		84F9737D219AA7F000433E65 /* icon_login_code@3x.png */ = {isa = PBXFileReference; lastKnownFileType = image.png; path = "icon_login_code@3x.png"; sourceTree = "<group>"; };
		84F9737E219AA7F000433E65 /* icon_login_number@2x.png */ = {isa = PBXFileReference; lastKnownFileType = image.png; path = "icon_login_number@2x.png"; sourceTree = "<group>"; };
		84F9737F219AA7F100433E65 /* icon_login_number.png */ = {isa = PBXFileReference; lastKnownFileType = image.png; path = icon_login_number.png; sourceTree = "<group>"; };
		84F97380219AA7F100433E65 /* icon_login_code@2x.png */ = {isa = PBXFileReference; lastKnownFileType = image.png; path = "icon_login_code@2x.png"; sourceTree = "<group>"; };
		84F97381219AA7F100433E65 /* icon_login_phone@3x.png */ = {isa = PBXFileReference; lastKnownFileType = image.png; path = "icon_login_phone@3x.png"; sourceTree = "<group>"; };
		84F97382219AA7F100433E65 /* icon_login_phone.png */ = {isa = PBXFileReference; lastKnownFileType = image.png; path = icon_login_phone.png; sourceTree = "<group>"; };
		84F9738C219AAF0D00433E65 /* icon_login_drivingType@3x.png */ = {isa = PBXFileReference; lastKnownFileType = image.png; path = "icon_login_drivingType@3x.png"; sourceTree = "<group>"; };
		84F9738D219AAF0D00433E65 /* icon_login_drivingType.png */ = {isa = PBXFileReference; lastKnownFileType = image.png; path = icon_login_drivingType.png; sourceTree = "<group>"; };
		84F9738E219AAF0D00433E65 /* icon_login_drivingType@2x.png */ = {isa = PBXFileReference; lastKnownFileType = image.png; path = "icon_login_drivingType@2x.png"; sourceTree = "<group>"; };
		84F97394219BB4F900433E65 /* drivingType.plist */ = {isa = PBXFileReference; fileEncoding = 4; lastKnownFileType = text.plist.xml; path = drivingType.plist; sourceTree = "<group>"; };
		84F97395219BB4F900433E65 /* DrivingTypePickerView.swift */ = {isa = PBXFileReference; fileEncoding = 4; lastKnownFileType = sourcecode.swift; path = DrivingTypePickerView.swift; sourceTree = "<group>"; };
		84F97398219BB50700433E65 /* UIView+KLExtension.swift */ = {isa = PBXFileReference; fileEncoding = 4; lastKnownFileType = sourcecode.swift; path = "UIView+KLExtension.swift"; sourceTree = "<group>"; };
		84F9739E219C023100433E65 /* MineInfoTableViewCell.swift */ = {isa = PBXFileReference; lastKnownFileType = sourcecode.swift; path = MineInfoTableViewCell.swift; sourceTree = "<group>"; };
		84F973A0219D1B6600433E65 /* MineInfoViewController.swift */ = {isa = PBXFileReference; lastKnownFileType = sourcecode.swift; path = MineInfoViewController.swift; sourceTree = "<group>"; };
		84F973A2219D1BB600433E65 /* MineInfoControTableViewCell.swift */ = {isa = PBXFileReference; lastKnownFileType = sourcecode.swift; path = MineInfoControTableViewCell.swift; sourceTree = "<group>"; };
		84F973A4219D31E600433E65 /* BaseViewController.swift */ = {isa = PBXFileReference; lastKnownFileType = sourcecode.swift; path = BaseViewController.swift; sourceTree = "<group>"; };
		84F973AC219D3FDA00433E65 /* BaseButton.swift */ = {isa = PBXFileReference; lastKnownFileType = sourcecode.swift; path = BaseButton.swift; sourceTree = "<group>"; };
		84F973AE219D43A100433E65 /* MineChancePhoneNumberViewController.swift */ = {isa = PBXFileReference; lastKnownFileType = sourcecode.swift; path = MineChancePhoneNumberViewController.swift; sourceTree = "<group>"; };
		84F973B0219D43E100433E65 /* MineChanceNickNameAndSignViewController.swift */ = {isa = PBXFileReference; lastKnownFileType = sourcecode.swift; path = MineChanceNickNameAndSignViewController.swift; sourceTree = "<group>"; };
		84F973B2219D450F00433E65 /* MineChancePhoneNumberView.swift */ = {isa = PBXFileReference; lastKnownFileType = sourcecode.swift; path = MineChancePhoneNumberView.swift; sourceTree = "<group>"; };
		84F973B4219D5F4E00433E65 /* icon_sex_woman@3x.png */ = {isa = PBXFileReference; lastKnownFileType = image.png; path = "icon_sex_woman@3x.png"; sourceTree = "<group>"; };
		84F973B5219D5F4E00433E65 /* icon_select_no@2x.png */ = {isa = PBXFileReference; lastKnownFileType = image.png; path = "icon_select_no@2x.png"; sourceTree = "<group>"; };
		84F973B6219D5F4E00433E65 /* home_usercenter_select.png */ = {isa = PBXFileReference; lastKnownFileType = image.png; path = home_usercenter_select.png; sourceTree = "<group>"; };
		84F973B7219D5F4E00433E65 /* home_search_select@3x.png */ = {isa = PBXFileReference; lastKnownFileType = image.png; path = "home_search_select@3x.png"; sourceTree = "<group>"; };
		84F973B8219D5F4F00433E65 /* home_usercenter_nomal@3x.png */ = {isa = PBXFileReference; lastKnownFileType = image.png; path = "home_usercenter_nomal@3x.png"; sourceTree = "<group>"; };
		84F973B9219D5F4F00433E65 /* home_search_normal.png */ = {isa = PBXFileReference; lastKnownFileType = image.png; path = home_search_normal.png; sourceTree = "<group>"; };
		84F973BA219D5F4F00433E65 /* icon_my_train@3x.png */ = {isa = PBXFileReference; lastKnownFileType = image.png; path = "icon_my_train@3x.png"; sourceTree = "<group>"; };
		84F973BB219D5F4F00433E65 /* icon_my_train.png */ = {isa = PBXFileReference; lastKnownFileType = image.png; path = icon_my_train.png; sourceTree = "<group>"; };
		84F973BC219D5F4F00433E65 /* home_usercenter_nomal@2x.png */ = {isa = PBXFileReference; lastKnownFileType = image.png; path = "home_usercenter_nomal@2x.png"; sourceTree = "<group>"; };
		84F973BD219D5F4F00433E65 /* icon_my_train@2x.png */ = {isa = PBXFileReference; lastKnownFileType = image.png; path = "icon_my_train@2x.png"; sourceTree = "<group>"; };
		84F973BE219D5F4F00433E65 /* icon_select_no.png */ = {isa = PBXFileReference; lastKnownFileType = image.png; path = icon_select_no.png; sourceTree = "<group>"; };
		84F973BF219D5F4F00433E65 /* icon_link_web.png */ = {isa = PBXFileReference; lastKnownFileType = image.png; path = icon_link_web.png; sourceTree = "<group>"; };
		84F973C0219D5F4F00433E65 /* icon_sex_woman.png */ = {isa = PBXFileReference; lastKnownFileType = image.png; path = icon_sex_woman.png; sourceTree = "<group>"; };
		84F973C1219D5F4F00433E65 /* icon_sex_woman@2x.png */ = {isa = PBXFileReference; lastKnownFileType = image.png; path = "icon_sex_woman@2x.png"; sourceTree = "<group>"; };
		84F973C2219D5F4F00433E65 /* icon_select_no@3x.png */ = {isa = PBXFileReference; lastKnownFileType = image.png; path = "icon_select_no@3x.png"; sourceTree = "<group>"; };
		84F973C3219D5F4F00433E65 /* home_search_select@2x.png */ = {isa = PBXFileReference; lastKnownFileType = image.png; path = "home_search_select@2x.png"; sourceTree = "<group>"; };
		84F973C4219D5F4F00433E65 /* icon_link_web@2x.png */ = {isa = PBXFileReference; lastKnownFileType = image.png; path = "icon_link_web@2x.png"; sourceTree = "<group>"; };
		84F973C5219D5F4F00433E65 /* home_search_normal@2x.png */ = {isa = PBXFileReference; lastKnownFileType = image.png; path = "home_search_normal@2x.png"; sourceTree = "<group>"; };
		84F973C6219D5F4F00433E65 /* icon_select_yes@3x.png */ = {isa = PBXFileReference; lastKnownFileType = image.png; path = "icon_select_yes@3x.png"; sourceTree = "<group>"; };
		84F973C7219D5F4F00433E65 /* icon_link_web@3x.png */ = {isa = PBXFileReference; lastKnownFileType = image.png; path = "icon_link_web@3x.png"; sourceTree = "<group>"; };
		84F973C8219D5F4F00433E65 /* home_search_select.png */ = {isa = PBXFileReference; lastKnownFileType = image.png; path = home_search_select.png; sourceTree = "<group>"; };
		84F973C9219D5F4F00433E65 /* icon_select_yes@2x.png */ = {isa = PBXFileReference; lastKnownFileType = image.png; path = "icon_select_yes@2x.png"; sourceTree = "<group>"; };
		84F973CA219D5F4F00433E65 /* home_search_normal@3x.png */ = {isa = PBXFileReference; lastKnownFileType = image.png; path = "home_search_normal@3x.png"; sourceTree = "<group>"; };
		84F973CB219D5F4F00433E65 /* icon_select_yes.png */ = {isa = PBXFileReference; lastKnownFileType = image.png; path = icon_select_yes.png; sourceTree = "<group>"; };
		84F973CC219D5F4F00433E65 /* home_usercenter_select@2x.png */ = {isa = PBXFileReference; lastKnownFileType = image.png; path = "home_usercenter_select@2x.png"; sourceTree = "<group>"; };
		84F973CD219D5F4F00433E65 /* home_usercenter_select@3x.png */ = {isa = PBXFileReference; lastKnownFileType = image.png; path = "home_usercenter_select@3x.png"; sourceTree = "<group>"; };
		84F973CE219D5F5000433E65 /* home_usercenter_nomal.png */ = {isa = PBXFileReference; lastKnownFileType = image.png; path = home_usercenter_nomal.png; sourceTree = "<group>"; };
		84F973EE219E803900433E65 /* UIColor+Extension.swift */ = {isa = PBXFileReference; lastKnownFileType = sourcecode.swift; path = "UIColor+Extension.swift"; sourceTree = "<group>"; };
		84F973F1219E819C00433E65 /* ZLPageStyle.swift */ = {isa = PBXFileReference; lastKnownFileType = sourcecode.swift; path = ZLPageStyle.swift; sourceTree = "<group>"; };
		84F973F3219E844300433E65 /* ZLPageTitleView.swift */ = {isa = PBXFileReference; lastKnownFileType = sourcecode.swift; path = ZLPageTitleView.swift; sourceTree = "<group>"; };
		84F973F5219E845900433E65 /* ZLPageView.swift */ = {isa = PBXFileReference; lastKnownFileType = sourcecode.swift; path = ZLPageView.swift; sourceTree = "<group>"; };
		84F973F7219E904500433E65 /* PeriodPartViewController.swift */ = {isa = PBXFileReference; lastKnownFileType = sourcecode.swift; path = PeriodPartViewController.swift; sourceTree = "<group>"; };
		84F973F9219E963600433E65 /* PeriodRecordViewController.swift */ = {isa = PBXFileReference; lastKnownFileType = sourcecode.swift; path = PeriodRecordViewController.swift; sourceTree = "<group>"; };
		84F973FB219E97D000433E65 /* PeriodRecordTableViewCell.swift */ = {isa = PBXFileReference; lastKnownFileType = sourcecode.swift; path = PeriodRecordTableViewCell.swift; sourceTree = "<group>"; };
		84F973FD219E9CE100433E65 /* PeriodRecordHeaderView.swift */ = {isa = PBXFileReference; lastKnownFileType = sourcecode.swift; path = PeriodRecordHeaderView.swift; sourceTree = "<group>"; };
		84F973FF219EAC6900433E65 /* icon_train_date@2x.png */ = {isa = PBXFileReference; lastKnownFileType = image.png; path = "icon_train_date@2x.png"; sourceTree = "<group>"; };
		84F97400219EAC6900433E65 /* icon_back@2x.png */ = {isa = PBXFileReference; lastKnownFileType = image.png; path = "icon_back@2x.png"; sourceTree = "<group>"; };
		84F97401219EAC6900433E65 /* icon_back@3x.png */ = {isa = PBXFileReference; lastKnownFileType = image.png; path = "icon_back@3x.png"; sourceTree = "<group>"; };
		84F97402219EAC6900433E65 /* icon_train_time.png */ = {isa = PBXFileReference; lastKnownFileType = image.png; path = icon_train_time.png; sourceTree = "<group>"; };
		84F97403219EAC6900433E65 /* icon_back.png */ = {isa = PBXFileReference; lastKnownFileType = image.png; path = icon_back.png; sourceTree = "<group>"; };
		84F97404219EAC6900433E65 /* icon_train_time@2x.png */ = {isa = PBXFileReference; lastKnownFileType = image.png; path = "icon_train_time@2x.png"; sourceTree = "<group>"; };
		84F97405219EAC6900433E65 /* icon_train_date@3x.png */ = {isa = PBXFileReference; lastKnownFileType = image.png; path = "icon_train_date@3x.png"; sourceTree = "<group>"; };
		84F97406219EAC6900433E65 /* icon_train_time@3x.png */ = {isa = PBXFileReference; lastKnownFileType = image.png; path = "icon_train_time@3x.png"; sourceTree = "<group>"; };
		84F97407219EAC6900433E65 /* icon_train_date.png */ = {isa = PBXFileReference; lastKnownFileType = image.png; path = icon_train_date.png; sourceTree = "<group>"; };
		84F97411219EADF000433E65 /* PeriodRecordDetailViewController.swift */ = {isa = PBXFileReference; lastKnownFileType = sourcecode.swift; path = PeriodRecordDetailViewController.swift; sourceTree = "<group>"; };
		BD8B3D33CB91BE0D738B602A /* Pods_Chongqing_traffic.framework */ = {isa = PBXFileReference; explicitFileType = wrapper.framework; includeInIndex = 0; path = Pods_Chongqing_traffic.framework; sourceTree = BUILT_PRODUCTS_DIR; };
		EF6D54EE24549DC64EA8B402 /* Pods-Chongqing traffic.release.xcconfig */ = {isa = PBXFileReference; includeInIndex = 1; lastKnownFileType = text.xcconfig; name = "Pods-Chongqing traffic.release.xcconfig"; path = "Pods/Target Support Files/Pods-Chongqing traffic/Pods-Chongqing traffic.release.xcconfig"; sourceTree = "<group>"; };
/* End PBXFileReference section */

/* Begin PBXFrameworksBuildPhase section */
		84F9730B21900EF400433E65 /* Frameworks */ = {
			isa = PBXFrameworksBuildPhase;
			buildActionMask = 2147483647;
			files = (
				D9FD195FCB01C3EBE1BAB838 /* Pods_Chongqing_traffic.framework in Frameworks */,
			);
			runOnlyForDeploymentPostprocessing = 0;
		};
/* End PBXFrameworksBuildPhase section */

/* Begin PBXGroup section */
		656A91B4219DB4FD005427C8 /* Views */ = {
			isa = PBXGroup;
			children = (
				656A91B5219DB516005427C8 /* PeriodSearchView.swift */,
				84F973FD219E9CE100433E65 /* PeriodRecordHeaderView.swift */,
				84F973FB219E97D000433E65 /* PeriodRecordTableViewCell.swift */,
				650BBCFC219FE09D00D7046D /* PeriodRecordDetailInfoView.swift */,
				650BBCFE219FE0B200D7046D /* PeriodRecordDetailImagesView.swift */,
				650BBD0421A05B4500D7046D /* ComplaintView.swift */,
				65854ECB21A146D4004F72CC /* ComplaintSelectObjectView.swift */,
			);
			path = Views;
			sourceTree = "<group>";
		};
		65854EE521A1A704004F72CC /* ZLAlertView */ = {
			isa = PBXGroup;
			children = (
				65854EE621A1A7D5004F72CC /* ZLAlertView.swift */,
			);
			path = ZLAlertView;
			sourceTree = "<group>";
		};
		84F9730521900EF400433E65 = {
			isa = PBXGroup;
			children = (
				84F9731021900EF400433E65 /* Chongqing traffic */,
				84F9730F21900EF400433E65 /* Products */,
				C1869BC440810D8358AF7239 /* Pods */,
				9735E37832B8B6867636449C /* Frameworks */,
			);
			sourceTree = "<group>";
		};
		84F9730F21900EF400433E65 /* Products */ = {
			isa = PBXGroup;
			children = (
				84F9730E21900EF400433E65 /* Chongqing traffic.app */,
			);
			name = Products;
			sourceTree = "<group>";
		};
		84F9731021900EF400433E65 /* Chongqing traffic */ = {
			isa = PBXGroup;
			children = (
				84F9731121900EF400433E65 /* AppDelegate.swift */,
				84F9731321900EF400433E65 /* ViewController.swift */,
				84F9734B2190394C00433E65 /* ConstantIntro.swift */,
				84F9731521900EF400433E65 /* Main.storyboard */,
				84F9731821900EF600433E65 /* Assets.xcassets */,
				84F9731A21900EF600433E65 /* LaunchScreen.storyboard */,
				84F9731D21900EF600433E65 /* Info.plist */,
				84F9732421901B3200433E65 /* modules */,
				84F9732521901B3200433E65 /* Tools */,
				84F9732321901B3200433E65 /* API */,
				84F973302190234D00433E65 /* Base */,
				84F973392190271900433E65 /* ThirdLibs */,
				84F9734D21903AB700433E65 /* Resource */,
			);
			path = "Chongqing traffic";
			sourceTree = "<group>";
		};
		84F9732321901B3200433E65 /* API */ = {
			isa = PBXGroup;
			children = (
				84F9732821901B6A00433E65 /* API.swift */,
				84F97371219984C500433E65 /* NetworkManager.swift */,
			);
			path = API;
			sourceTree = "<group>";
		};
		84F9732421901B3200433E65 /* modules */ = {
			isa = PBXGroup;
			children = (
				84F9735B21918C7D00433E65 /* 登陆 */,
				84F9732B219021E800433E65 /* 我的 */,
				84F9732A219021E800433E65 /* 学时查询 */,
			);
			path = modules;
			sourceTree = "<group>";
		};
		84F9732521901B3200433E65 /* Tools */ = {
			isa = PBXGroup;
			children = (
				84F97373219A766C00433E65 /* Md5 */,
				84F973582190492E00433E65 /* MJRefresh */,
				84F97378219A88F800433E65 /* StringToDictionary.swift */,
				84F973EE219E803900433E65 /* UIColor+Extension.swift */,
				84F97398219BB50700433E65 /* UIView+KLExtension.swift */,
			);
			path = Tools;
			sourceTree = "<group>";
		};
		84F9732A219021E800433E65 /* 学时查询 */ = {
			isa = PBXGroup;
			children = (
				84F9732E2190224900433E65 /* PeriodSearchViewController.swift */,
				84F973F7219E904500433E65 /* PeriodPartViewController.swift */,
				84F973F9219E963600433E65 /* PeriodRecordViewController.swift */,
				84F97411219EADF000433E65 /* PeriodRecordDetailViewController.swift */,
				650BBD00219FFA8200D7046D /* ComplaintViewController.swift */,
				656A91B4219DB4FD005427C8 /* Views */,
			);
			path = "学时查询";
			sourceTree = "<group>";
		};
		84F9732B219021E800433E65 /* 我的 */ = {
			isa = PBXGroup;
			children = (
				84F9732C2190220700433E65 /* MineViewController.swift */,
				84F973A0219D1B6600433E65 /* MineInfoViewController.swift */,
				84F973B0219D43E100433E65 /* MineChanceNickNameAndSignViewController.swift */,
				84F973AE219D43A100433E65 /* MineChancePhoneNumberViewController.swift */,
				65854EDF21A16660004F72CC /* MineTrainInfoViewController.swift */,
				84F97346219035AF00433E65 /* Views */,
			);
			path = "我的";
			sourceTree = "<group>";
		};
		84F973302190234D00433E65 /* Base */ = {
			isa = PBXGroup;
			children = (
				84F97335219023F600433E65 /* BaseContentView.swift */,
				84F97337219025D200433E65 /* BaseNavigationViewController.swift */,
				84F9736B2192E20900433E65 /* UserDefaults.swift */,
				84F973A4219D31E600433E65 /* BaseViewController.swift */,
				84F973AC219D3FDA00433E65 /* BaseButton.swift */,
			);
			path = Base;
			sourceTree = "<group>";
		};
		84F973392190271900433E65 /* ThirdLibs */ = {
			isa = PBXGroup;
			children = (
				65854EE521A1A704004F72CC /* ZLAlertView */,
				84F973F0219E817E00433E65 /* ZLPageView */,
				84F9733A2190271900433E65 /* WRNavigationBar */,
			);
			path = ThirdLibs;
			sourceTree = "<group>";
		};
		84F9733A2190271900433E65 /* WRNavigationBar */ = {
			isa = PBXGroup;
			children = (
				84F9733B2190271900433E65 /* WRNavigationBar.swift */,
				84F9733C2190271900433E65 /* WRCustomNavigationBar.swift */,
				84F9733D2190271900433E65 /* WRCycleScrollView */,
			);
			path = WRNavigationBar;
			sourceTree = "<group>";
		};
		84F9733D2190271900433E65 /* WRCycleScrollView */ = {
			isa = PBXGroup;
			children = (
				84F9733E2190271900433E65 /* WRProxy.swift */,
				84F9733F2190271900433E65 /* WRCycleScrollView.swift */,
				84F973402190271900433E65 /* WRCycleCell.swift */,
			);
			path = WRCycleScrollView;
			sourceTree = "<group>";
		};
		84F97346219035AF00433E65 /* Views */ = {
			isa = PBXGroup;
			children = (
				84F9739E219C023100433E65 /* MineInfoTableViewCell.swift */,
				84F97347219035BF00433E65 /* MineTableViewCell.swift */,
				84F973A2219D1BB600433E65 /* MineInfoControTableViewCell.swift */,
				84F973B2219D450F00433E65 /* MineChancePhoneNumberView.swift */,
				65854EE121A166A7004F72CC /* MineInfoView.swift */,
				65854EE321A168F0004F72CC /* MineTrainInfoView.swift */,
			);
			path = Views;
			sourceTree = "<group>";
		};
		84F9734D21903AB700433E65 /* Resource */ = {
			isa = PBXGroup;
			children = (
				65854ED921A16633004F72CC /* icon_sex_man.png */,
				65854EDA21A16633004F72CC /* icon_sex_man@2x.png */,
				65854EDB21A16633004F72CC /* icon_sex_man@3x.png */,
				65854ECD21A165AC004F72CC /* icon_right_tip1.png */,
				65854ED221A165AC004F72CC /* icon_right_tip1@2x.png */,
				65854ED121A165AC004F72CC /* icon_right_tip1@3x.png */,
				65854ECE21A165AC004F72CC /* icon_right_tip2.png */,
				65854ED021A165AC004F72CC /* icon_right_tip2@2x.png */,
				65854ECF21A165AC004F72CC /* icon_right_tip2@3x.png */,
				84F97403219EAC6900433E65 /* icon_back.png */,
				84F97400219EAC6900433E65 /* icon_back@2x.png */,
				84F97401219EAC6900433E65 /* icon_back@3x.png */,
				84F97407219EAC6900433E65 /* icon_train_date.png */,
				84F973FF219EAC6900433E65 /* icon_train_date@2x.png */,
				84F97405219EAC6900433E65 /* icon_train_date@3x.png */,
				84F97402219EAC6900433E65 /* icon_train_time.png */,
				84F97404219EAC6900433E65 /* icon_train_time@2x.png */,
				84F97406219EAC6900433E65 /* icon_train_time@3x.png */,
				84F973B9219D5F4F00433E65 /* home_search_normal.png */,
				84F973C5219D5F4F00433E65 /* home_search_normal@2x.png */,
				84F973CA219D5F4F00433E65 /* home_search_normal@3x.png */,
				84F973C8219D5F4F00433E65 /* home_search_select.png */,
				84F973C3219D5F4F00433E65 /* home_search_select@2x.png */,
				84F973B7219D5F4E00433E65 /* home_search_select@3x.png */,
				84F973CE219D5F5000433E65 /* home_usercenter_nomal.png */,
				84F973BC219D5F4F00433E65 /* home_usercenter_nomal@2x.png */,
				84F973B8219D5F4F00433E65 /* home_usercenter_nomal@3x.png */,
				84F973B6219D5F4E00433E65 /* home_usercenter_select.png */,
				84F973CC219D5F4F00433E65 /* home_usercenter_select@2x.png */,
				84F973CD219D5F4F00433E65 /* home_usercenter_select@3x.png */,
				84F973BF219D5F4F00433E65 /* icon_link_web.png */,
				84F973C4219D5F4F00433E65 /* icon_link_web@2x.png */,
				84F973C7219D5F4F00433E65 /* icon_link_web@3x.png */,
				84F973BB219D5F4F00433E65 /* icon_my_train.png */,
				84F973BD219D5F4F00433E65 /* icon_my_train@2x.png */,
				84F973BA219D5F4F00433E65 /* icon_my_train@3x.png */,
				84F973BE219D5F4F00433E65 /* icon_select_no.png */,
				84F973B5219D5F4E00433E65 /* icon_select_no@2x.png */,
				84F973C2219D5F4F00433E65 /* icon_select_no@3x.png */,
				84F973CB219D5F4F00433E65 /* icon_select_yes.png */,
				84F973C9219D5F4F00433E65 /* icon_select_yes@2x.png */,
				84F973C6219D5F4F00433E65 /* icon_select_yes@3x.png */,
				84F973C0219D5F4F00433E65 /* icon_sex_woman.png */,
				84F973C1219D5F4F00433E65 /* icon_sex_woman@2x.png */,
				84F973B4219D5F4E00433E65 /* icon_sex_woman@3x.png */,
				84F9738D219AAF0D00433E65 /* icon_login_drivingType.png */,
				84F9738E219AAF0D00433E65 /* icon_login_drivingType@2x.png */,
				84F9738C219AAF0D00433E65 /* icon_login_drivingType@3x.png */,
				84F9737A219AA7F000433E65 /* icon_login_code.png */,
				84F97380219AA7F100433E65 /* icon_login_code@2x.png */,
				84F9737D219AA7F000433E65 /* icon_login_code@3x.png */,
				84F9737F219AA7F100433E65 /* icon_login_number.png */,
				84F9737E219AA7F000433E65 /* icon_login_number@2x.png */,
				84F9737C219AA7F000433E65 /* icon_login_number@3x.png */,
				84F97382219AA7F100433E65 /* icon_login_phone.png */,
				84F9737B219AA7F000433E65 /* icon_login_phone@2x.png */,
				84F97381219AA7F100433E65 /* icon_login_phone@3x.png */,
				84F9734E21903AB700433E65 /* pic1.jpeg */,
				84F9734F21903AB700433E65 /* pic3.jpeg */,
				84F9735021903AB700433E65 /* pic2.jpeg */,
			);
			path = Resource;
			sourceTree = "<group>";
		};
		84F973582190492E00433E65 /* MJRefresh */ = {
			isa = PBXGroup;
			children = (
				84F973592190499D00433E65 /* DIYMJRefresh.swift */,
			);
			path = MJRefresh;
			sourceTree = "<group>";
		};
		84F9735B21918C7D00433E65 /* 登陆 */ = {
			isa = PBXGroup;
			children = (
				84F9735C21918D5800433E65 /* LoginViewController.swift */,
				84F9735E2191995C00433E65 /* Views */,
			);
			path = "登陆";
			sourceTree = "<group>";
		};
		84F9735E2191995C00433E65 /* Views */ = {
			isa = PBXGroup;
			children = (
				84F9735F21919C7E00433E65 /* LoginHeaderView.swift */,
				84F973612191A30F00433E65 /* LoginInfoView.swift */,
				84F97395219BB4F900433E65 /* DrivingTypePickerView.swift */,
				84F97394219BB4F900433E65 /* drivingType.plist */,
			);
			path = Views;
			sourceTree = "<group>";
		};
		84F97373219A766C00433E65 /* Md5 */ = {
			isa = PBXGroup;
			children = (
				84F97374219A767B00433E65 /* Md5String.swift */,
			);
			path = Md5;
			sourceTree = "<group>";
		};
		84F973F0219E817E00433E65 /* ZLPageView */ = {
			isa = PBXGroup;
			children = (
				84F973F1219E819C00433E65 /* ZLPageStyle.swift */,
				84F973F3219E844300433E65 /* ZLPageTitleView.swift */,
				84F973F5219E845900433E65 /* ZLPageView.swift */,
			);
			path = ZLPageView;
			sourceTree = "<group>";
		};
		9735E37832B8B6867636449C /* Frameworks */ = {
			isa = PBXGroup;
			children = (
				BD8B3D33CB91BE0D738B602A /* Pods_Chongqing_traffic.framework */,
			);
			name = Frameworks;
			sourceTree = "<group>";
		};
		C1869BC440810D8358AF7239 /* Pods */ = {
			isa = PBXGroup;
			children = (
				375784E0078E200F7F1EB62D /* Pods-Chongqing traffic.debug.xcconfig */,
				EF6D54EE24549DC64EA8B402 /* Pods-Chongqing traffic.release.xcconfig */,
			);
			name = Pods;
			sourceTree = "<group>";
		};
/* End PBXGroup section */

/* Begin PBXNativeTarget section */
		84F9730D21900EF400433E65 /* Chongqing traffic */ = {
			isa = PBXNativeTarget;
			buildConfigurationList = 84F9732021900EF600433E65 /* Build configuration list for PBXNativeTarget "Chongqing traffic" */;
			buildPhases = (
				DD8EE0E2B5E807E84CDB6496 /* [CP] Check Pods Manifest.lock */,
				84F9730A21900EF400433E65 /* Sources */,
				84F9730B21900EF400433E65 /* Frameworks */,
				84F9730C21900EF400433E65 /* Resources */,
				E1E89CECEFADA505DD2E54D1 /* [CP] Embed Pods Frameworks */,
			);
			buildRules = (
			);
			dependencies = (
			);
			name = "Chongqing traffic";
			productName = "Chongqing traffic";
			productReference = 84F9730E21900EF400433E65 /* Chongqing traffic.app */;
			productType = "com.apple.product-type.application";
		};
/* End PBXNativeTarget section */

/* Begin PBXProject section */
		84F9730621900EF400433E65 /* Project object */ = {
			isa = PBXProject;
			attributes = {
				LastSwiftUpdateCheck = 1010;
				LastUpgradeCheck = 1010;
				ORGANIZATIONNAME = "Beijing Guo Jiao Yun Net Technology Co., Ltd.";
				TargetAttributes = {
					84F9730D21900EF400433E65 = {
						CreatedOnToolsVersion = 10.1;
					};
				};
			};
			buildConfigurationList = 84F9730921900EF400433E65 /* Build configuration list for PBXProject "Chongqing traffic" */;
			compatibilityVersion = "Xcode 9.3";
			developmentRegion = en;
			hasScannedForEncodings = 0;
			knownRegions = (
				en,
				Base,
			);
			mainGroup = 84F9730521900EF400433E65;
			productRefGroup = 84F9730F21900EF400433E65 /* Products */;
			projectDirPath = "";
			projectRoot = "";
			targets = (
				84F9730D21900EF400433E65 /* Chongqing traffic */,
			);
		};
/* End PBXProject section */

/* Begin PBXResourcesBuildPhase section */
		84F9730C21900EF400433E65 /* Resources */ = {
			isa = PBXResourcesBuildPhase;
			buildActionMask = 2147483647;
			files = (
				84F973DF219D5F5000433E65 /* icon_link_web@2x.png in Resources */,
				65854EDD21A16633004F72CC /* icon_sex_man@2x.png in Resources */,
				84F9738F219AAF0D00433E65 /* icon_login_drivingType@3x.png in Resources */,
				84F973E9219D5F5000433E65 /* home_usercenter_nomal.png in Resources */,
				84F9740D219EAC6900433E65 /* icon_train_time@2x.png in Resources */,
				84F9731C21900EF600433E65 /* LaunchScreen.storyboard in Resources */,
				84F973E0219D5F5000433E65 /* home_search_normal@2x.png in Resources */,
				84F97388219AA7F100433E65 /* icon_login_number.png in Resources */,
				84F97408219EAC6900433E65 /* icon_train_date@2x.png in Resources */,
				84F973E5219D5F5000433E65 /* home_search_normal@3x.png in Resources */,
				84F973DE219D5F5000433E65 /* home_search_select@2x.png in Resources */,
				84F97389219AA7F100433E65 /* icon_login_code@2x.png in Resources */,
				65854ED721A165AC004F72CC /* icon_right_tip1@3x.png in Resources */,
				84F973CF219D5F5000433E65 /* icon_sex_woman@3x.png in Resources */,
				84F97386219AA7F100433E65 /* icon_login_code@3x.png in Resources */,
				84F973D2219D5F5000433E65 /* home_search_select@3x.png in Resources */,
				84F973D9219D5F5000433E65 /* icon_select_no.png in Resources */,
				84F9731921900EF600433E65 /* Assets.xcassets in Resources */,
				84F973D8219D5F5000433E65 /* icon_my_train@2x.png in Resources */,
				84F973D3219D5F5000433E65 /* home_usercenter_nomal@3x.png in Resources */,
				84F9735121903AB700433E65 /* pic1.jpeg in Resources */,
				84F97385219AA7F100433E65 /* icon_login_number@3x.png in Resources */,
				84F9738A219AA7F100433E65 /* icon_login_phone@3x.png in Resources */,
				84F973E6219D5F5000433E65 /* icon_select_yes.png in Resources */,
				84F973DC219D5F5000433E65 /* icon_sex_woman@2x.png in Resources */,
				84F9735221903AB700433E65 /* pic3.jpeg in Resources */,
				84F9740F219EAC6900433E65 /* icon_train_time@3x.png in Resources */,
				65854EDC21A16633004F72CC /* icon_sex_man.png in Resources */,
				84F97390219AAF0D00433E65 /* icon_login_drivingType.png in Resources */,
				84F973E4219D5F5000433E65 /* icon_select_yes@2x.png in Resources */,
				84F97391219AAF0D00433E65 /* icon_login_drivingType@2x.png in Resources */,
				84F973E2219D5F5000433E65 /* icon_link_web@3x.png in Resources */,
				65854ED421A165AC004F72CC /* icon_right_tip2.png in Resources */,
				84F973E8219D5F5000433E65 /* home_usercenter_select@3x.png in Resources */,
				84F97410219EAC6900433E65 /* icon_train_date.png in Resources */,
				84F9731721900EF400433E65 /* Main.storyboard in Resources */,
				65854EDE21A16633004F72CC /* icon_sex_man@3x.png in Resources */,
				84F973D1219D5F5000433E65 /* home_usercenter_select.png in Resources */,
				84F9740C219EAC6900433E65 /* icon_back.png in Resources */,
				84F973D6219D5F5000433E65 /* icon_my_train.png in Resources */,
				84F973D5219D5F5000433E65 /* icon_my_train@3x.png in Resources */,
				84F9738B219AA7F100433E65 /* icon_login_phone.png in Resources */,
				65854ED821A165AC004F72CC /* icon_right_tip1@2x.png in Resources */,
				84F9740A219EAC6900433E65 /* icon_back@3x.png in Resources */,
				84F973E1219D5F5000433E65 /* icon_select_yes@3x.png in Resources */,
				65854ED621A165AC004F72CC /* icon_right_tip2@2x.png in Resources */,
				84F973DD219D5F5000433E65 /* icon_select_no@3x.png in Resources */,
				84F9740B219EAC6900433E65 /* icon_train_time.png in Resources */,
				84F97396219BB4F900433E65 /* drivingType.plist in Resources */,
				84F973E7219D5F5000433E65 /* home_usercenter_select@2x.png in Resources */,
				65854ED521A165AC004F72CC /* icon_right_tip2@3x.png in Resources */,
				84F97387219AA7F100433E65 /* icon_login_number@2x.png in Resources */,
				84F97409219EAC6900433E65 /* icon_back@2x.png in Resources */,
				84F973DA219D5F5000433E65 /* icon_link_web.png in Resources */,
				84F97383219AA7F100433E65 /* icon_login_code.png in Resources */,
				84F973D7219D5F5000433E65 /* home_usercenter_nomal@2x.png in Resources */,
				84F97384219AA7F100433E65 /* icon_login_phone@2x.png in Resources */,
				65854ED321A165AC004F72CC /* icon_right_tip1.png in Resources */,
				84F973D0219D5F5000433E65 /* icon_select_no@2x.png in Resources */,
				84F9735321903AB700433E65 /* pic2.jpeg in Resources */,
				84F9740E219EAC6900433E65 /* icon_train_date@3x.png in Resources */,
				84F973DB219D5F5000433E65 /* icon_sex_woman.png in Resources */,
				84F973E3219D5F5000433E65 /* home_search_select.png in Resources */,
				84F973D4219D5F5000433E65 /* home_search_normal.png in Resources */,
			);
			runOnlyForDeploymentPostprocessing = 0;
		};
/* End PBXResourcesBuildPhase section */

/* Begin PBXShellScriptBuildPhase section */
		DD8EE0E2B5E807E84CDB6496 /* [CP] Check Pods Manifest.lock */ = {
			isa = PBXShellScriptBuildPhase;
			buildActionMask = 2147483647;
			files = (
			);
			inputFileListPaths = (
			);
			inputPaths = (
				"${PODS_PODFILE_DIR_PATH}/Podfile.lock",
				"${PODS_ROOT}/Manifest.lock",
			);
			name = "[CP] Check Pods Manifest.lock";
			outputFileListPaths = (
			);
			outputPaths = (
				"$(DERIVED_FILE_DIR)/Pods-Chongqing traffic-checkManifestLockResult.txt",
			);
			runOnlyForDeploymentPostprocessing = 0;
			shellPath = /bin/sh;
			shellScript = "diff \"${PODS_PODFILE_DIR_PATH}/Podfile.lock\" \"${PODS_ROOT}/Manifest.lock\" > /dev/null\nif [ $? != 0 ] ; then\n    # print error to STDERR\n    echo \"error: The sandbox is not in sync with the Podfile.lock. Run 'pod install' or update your CocoaPods installation.\" >&2\n    exit 1\nfi\n# This output is used by Xcode 'outputs' to avoid re-running this script phase.\necho \"SUCCESS\" > \"${SCRIPT_OUTPUT_FILE_0}\"\n";
			showEnvVarsInLog = 0;
		};
		E1E89CECEFADA505DD2E54D1 /* [CP] Embed Pods Frameworks */ = {
			isa = PBXShellScriptBuildPhase;
			buildActionMask = 2147483647;
			files = (
			);
			inputFileListPaths = (
			);
			inputPaths = (
				"${SRCROOT}/Pods/Target Support Files/Pods-Chongqing traffic/Pods-Chongqing traffic-frameworks.sh",
				"${BUILT_PRODUCTS_DIR}/Alamofire/Alamofire.framework",
				"${BUILT_PRODUCTS_DIR}/Charts/Charts.framework",
				"${BUILT_PRODUCTS_DIR}/ESTabBarController-swift/ESTabBarController_swift.framework",
				"${BUILT_PRODUCTS_DIR}/FSPagerView/FSPagerView.framework",
				"${BUILT_PRODUCTS_DIR}/HandyJSON/HandyJSON.framework",
				"${BUILT_PRODUCTS_DIR}/IQKeyboardManagerSwift/IQKeyboardManagerSwift.framework",
				"${BUILT_PRODUCTS_DIR}/KMPlaceholderTextView/KMPlaceholderTextView.framework",
				"${BUILT_PRODUCTS_DIR}/Kingfisher/Kingfisher.framework",
				"${BUILT_PRODUCTS_DIR}/MJRefresh/MJRefresh.framework",
				"${BUILT_PRODUCTS_DIR}/Moya/Moya.framework",
				"${BUILT_PRODUCTS_DIR}/Result/Result.framework",
				"${BUILT_PRODUCTS_DIR}/SVProgressHUD/SVProgressHUD.framework",
				"${BUILT_PRODUCTS_DIR}/SnapKit/SnapKit.framework",
				"${BUILT_PRODUCTS_DIR}/SwiftyJSON/SwiftyJSON.framework",
				"${BUILT_PRODUCTS_DIR}/YYKit/YYKit.framework",
			);
			name = "[CP] Embed Pods Frameworks";
			outputFileListPaths = (
			);
			outputPaths = (
				"${TARGET_BUILD_DIR}/${FRAMEWORKS_FOLDER_PATH}/Alamofire.framework",
				"${TARGET_BUILD_DIR}/${FRAMEWORKS_FOLDER_PATH}/Charts.framework",
				"${TARGET_BUILD_DIR}/${FRAMEWORKS_FOLDER_PATH}/ESTabBarController_swift.framework",
				"${TARGET_BUILD_DIR}/${FRAMEWORKS_FOLDER_PATH}/FSPagerView.framework",
				"${TARGET_BUILD_DIR}/${FRAMEWORKS_FOLDER_PATH}/HandyJSON.framework",
				"${TARGET_BUILD_DIR}/${FRAMEWORKS_FOLDER_PATH}/IQKeyboardManagerSwift.framework",
				"${TARGET_BUILD_DIR}/${FRAMEWORKS_FOLDER_PATH}/KMPlaceholderTextView.framework",
				"${TARGET_BUILD_DIR}/${FRAMEWORKS_FOLDER_PATH}/Kingfisher.framework",
				"${TARGET_BUILD_DIR}/${FRAMEWORKS_FOLDER_PATH}/MJRefresh.framework",
				"${TARGET_BUILD_DIR}/${FRAMEWORKS_FOLDER_PATH}/Moya.framework",
				"${TARGET_BUILD_DIR}/${FRAMEWORKS_FOLDER_PATH}/Result.framework",
				"${TARGET_BUILD_DIR}/${FRAMEWORKS_FOLDER_PATH}/SVProgressHUD.framework",
				"${TARGET_BUILD_DIR}/${FRAMEWORKS_FOLDER_PATH}/SnapKit.framework",
				"${TARGET_BUILD_DIR}/${FRAMEWORKS_FOLDER_PATH}/SwiftyJSON.framework",
				"${TARGET_BUILD_DIR}/${FRAMEWORKS_FOLDER_PATH}/YYKit.framework",
			);
			runOnlyForDeploymentPostprocessing = 0;
			shellPath = /bin/sh;
			shellScript = "\"${SRCROOT}/Pods/Target Support Files/Pods-Chongqing traffic/Pods-Chongqing traffic-frameworks.sh\"\n";
			showEnvVarsInLog = 0;
		};
/* End PBXShellScriptBuildPhase section */

/* Begin PBXSourcesBuildPhase section */
		84F9730A21900EF400433E65 /* Sources */ = {
			isa = PBXSourcesBuildPhase;
			buildActionMask = 2147483647;
			files = (
				84F97372219984C500433E65 /* NetworkManager.swift in Sources */,
				84F973F8219E904500433E65 /* PeriodPartViewController.swift in Sources */,
				65854EE221A166A7004F72CC /* MineInfoView.swift in Sources */,
				84F9735D21918D5800433E65 /* LoginViewController.swift in Sources */,
				84F9732F2190224900433E65 /* PeriodSearchViewController.swift in Sources */,
				650BBD01219FFA8200D7046D /* ComplaintViewController.swift in Sources */,
				84F973FA219E963600433E65 /* PeriodRecordViewController.swift in Sources */,
				84F973EF219E803900433E65 /* UIColor+Extension.swift in Sources */,
				84F973A5219D31E600433E65 /* BaseViewController.swift in Sources */,
				84F9736021919C7E00433E65 /* LoginHeaderView.swift in Sources */,
				84F9739F219C023100433E65 /* MineInfoTableViewCell.swift in Sources */,
				84F9736C2192E20900433E65 /* UserDefaults.swift in Sources */,
				84F973F2219E819C00433E65 /* ZLPageStyle.swift in Sources */,
				84F9734C2190394C00433E65 /* ConstantIntro.swift in Sources */,
				84F973AF219D43A100433E65 /* MineChancePhoneNumberViewController.swift in Sources */,
				84F973622191A30F00433E65 /* LoginInfoView.swift in Sources */,
				84F973452190271900433E65 /* WRCycleCell.swift in Sources */,
				84F973422190271900433E65 /* WRCustomNavigationBar.swift in Sources */,
				65854EE421A168F0004F72CC /* MineTrainInfoView.swift in Sources */,
				84F9731421900EF400433E65 /* ViewController.swift in Sources */,
				656A91B6219DB516005427C8 /* PeriodSearchView.swift in Sources */,
				84F973F4219E844300433E65 /* ZLPageTitleView.swift in Sources */,
				84F973FE219E9CE100433E65 /* PeriodRecordHeaderView.swift in Sources */,
				84F9732921901B6A00433E65 /* API.swift in Sources */,
				84F97412219EADF000433E65 /* PeriodRecordDetailViewController.swift in Sources */,
				84F9739A219BB50700433E65 /* UIView+KLExtension.swift in Sources */,
				84F9731221900EF400433E65 /* AppDelegate.swift in Sources */,
				84F973432190271900433E65 /* WRProxy.swift in Sources */,
				84F973A1219D1B6600433E65 /* MineInfoViewController.swift in Sources */,
				84F973A3219D1BB600433E65 /* MineInfoControTableViewCell.swift in Sources */,
				65854ECC21A146D4004F72CC /* ComplaintSelectObjectView.swift in Sources */,
				650BBCFF219FE0B200D7046D /* PeriodRecordDetailImagesView.swift in Sources */,
				65854EE721A1A7D5004F72CC /* ZLAlertView.swift in Sources */,
				84F97397219BB4F900433E65 /* DrivingTypePickerView.swift in Sources */,
				84F973F6219E845900433E65 /* ZLPageView.swift in Sources */,
				84F9732D2190220700433E65 /* MineViewController.swift in Sources */,
				84F97338219025D200433E65 /* BaseNavigationViewController.swift in Sources */,
				84F973412190271900433E65 /* WRNavigationBar.swift in Sources */,
				84F9735A2190499D00433E65 /* DIYMJRefresh.swift in Sources */,
				84F97336219023F600433E65 /* BaseContentView.swift in Sources */,
				84F973B3219D450F00433E65 /* MineChancePhoneNumberView.swift in Sources */,
				84F97379219A88F800433E65 /* StringToDictionary.swift in Sources */,
				84F973442190271900433E65 /* WRCycleScrollView.swift in Sources */,
				84F97348219035BF00433E65 /* MineTableViewCell.swift in Sources */,
				650BBD0521A05B4500D7046D /* ComplaintView.swift in Sources */,
				65854EE021A16660004F72CC /* MineTrainInfoViewController.swift in Sources */,
				650BBCFD219FE09D00D7046D /* PeriodRecordDetailInfoView.swift in Sources */,
				84F973AD219D3FDA00433E65 /* BaseButton.swift in Sources */,
				84F973B1219D43E100433E65 /* MineChanceNickNameAndSignViewController.swift in Sources */,
				84F97375219A767B00433E65 /* Md5String.swift in Sources */,
				84F973FC219E97D000433E65 /* PeriodRecordTableViewCell.swift in Sources */,
			);
			runOnlyForDeploymentPostprocessing = 0;
		};
/* End PBXSourcesBuildPhase section */

/* Begin PBXVariantGroup section */
		84F9731521900EF400433E65 /* Main.storyboard */ = {
			isa = PBXVariantGroup;
			children = (
				84F9731621900EF400433E65 /* Base */,
			);
			name = Main.storyboard;
			sourceTree = "<group>";
		};
		84F9731A21900EF600433E65 /* LaunchScreen.storyboard */ = {
			isa = PBXVariantGroup;
			children = (
				84F9731B21900EF600433E65 /* Base */,
			);
			name = LaunchScreen.storyboard;
			sourceTree = "<group>";
		};
/* End PBXVariantGroup section */

/* Begin XCBuildConfiguration section */
		84F9731E21900EF600433E65 /* Debug */ = {
			isa = XCBuildConfiguration;
			buildSettings = {
				ALWAYS_SEARCH_USER_PATHS = NO;
				CLANG_ANALYZER_NONNULL = YES;
				CLANG_ANALYZER_NUMBER_OBJECT_CONVERSION = YES_AGGRESSIVE;
				CLANG_CXX_LANGUAGE_STANDARD = "gnu++14";
				CLANG_CXX_LIBRARY = "libc++";
				CLANG_ENABLE_MODULES = YES;
				CLANG_ENABLE_OBJC_ARC = YES;
				CLANG_ENABLE_OBJC_WEAK = YES;
				CLANG_WARN_BLOCK_CAPTURE_AUTORELEASING = YES;
				CLANG_WARN_BOOL_CONVERSION = YES;
				CLANG_WARN_COMMA = YES;
				CLANG_WARN_CONSTANT_CONVERSION = YES;
				CLANG_WARN_DEPRECATED_OBJC_IMPLEMENTATIONS = YES;
				CLANG_WARN_DIRECT_OBJC_ISA_USAGE = YES_ERROR;
				CLANG_WARN_DOCUMENTATION_COMMENTS = YES;
				CLANG_WARN_EMPTY_BODY = YES;
				CLANG_WARN_ENUM_CONVERSION = YES;
				CLANG_WARN_INFINITE_RECURSION = YES;
				CLANG_WARN_INT_CONVERSION = YES;
				CLANG_WARN_NON_LITERAL_NULL_CONVERSION = YES;
				CLANG_WARN_OBJC_IMPLICIT_RETAIN_SELF = YES;
				CLANG_WARN_OBJC_LITERAL_CONVERSION = YES;
				CLANG_WARN_OBJC_ROOT_CLASS = YES_ERROR;
				CLANG_WARN_RANGE_LOOP_ANALYSIS = YES;
				CLANG_WARN_STRICT_PROTOTYPES = YES;
				CLANG_WARN_SUSPICIOUS_MOVE = YES;
				CLANG_WARN_UNGUARDED_AVAILABILITY = YES_AGGRESSIVE;
				CLANG_WARN_UNREACHABLE_CODE = YES;
				CLANG_WARN__DUPLICATE_METHOD_MATCH = YES;
				CODE_SIGN_IDENTITY = "iPhone Developer";
				COPY_PHASE_STRIP = NO;
				DEBUG_INFORMATION_FORMAT = dwarf;
				ENABLE_STRICT_OBJC_MSGSEND = YES;
				ENABLE_TESTABILITY = YES;
				GCC_C_LANGUAGE_STANDARD = gnu11;
				GCC_DYNAMIC_NO_PIC = NO;
				GCC_NO_COMMON_BLOCKS = YES;
				GCC_OPTIMIZATION_LEVEL = 0;
				GCC_PREPROCESSOR_DEFINITIONS = (
					"DEBUG=1",
					"$(inherited)",
				);
				GCC_WARN_64_TO_32_BIT_CONVERSION = YES;
				GCC_WARN_ABOUT_RETURN_TYPE = YES_ERROR;
				GCC_WARN_UNDECLARED_SELECTOR = YES;
				GCC_WARN_UNINITIALIZED_AUTOS = YES_AGGRESSIVE;
				GCC_WARN_UNUSED_FUNCTION = YES;
				GCC_WARN_UNUSED_VARIABLE = YES;
				IPHONEOS_DEPLOYMENT_TARGET = 12.1;
				MTL_ENABLE_DEBUG_INFO = INCLUDE_SOURCE;
				MTL_FAST_MATH = YES;
				ONLY_ACTIVE_ARCH = YES;
				SDKROOT = iphoneos;
				SWIFT_ACTIVE_COMPILATION_CONDITIONS = DEBUG;
				SWIFT_OPTIMIZATION_LEVEL = "-Onone";
			};
			name = Debug;
		};
		84F9731F21900EF600433E65 /* Release */ = {
			isa = XCBuildConfiguration;
			buildSettings = {
				ALWAYS_SEARCH_USER_PATHS = NO;
				CLANG_ANALYZER_NONNULL = YES;
				CLANG_ANALYZER_NUMBER_OBJECT_CONVERSION = YES_AGGRESSIVE;
				CLANG_CXX_LANGUAGE_STANDARD = "gnu++14";
				CLANG_CXX_LIBRARY = "libc++";
				CLANG_ENABLE_MODULES = YES;
				CLANG_ENABLE_OBJC_ARC = YES;
				CLANG_ENABLE_OBJC_WEAK = YES;
				CLANG_WARN_BLOCK_CAPTURE_AUTORELEASING = YES;
				CLANG_WARN_BOOL_CONVERSION = YES;
				CLANG_WARN_COMMA = YES;
				CLANG_WARN_CONSTANT_CONVERSION = YES;
				CLANG_WARN_DEPRECATED_OBJC_IMPLEMENTATIONS = YES;
				CLANG_WARN_DIRECT_OBJC_ISA_USAGE = YES_ERROR;
				CLANG_WARN_DOCUMENTATION_COMMENTS = YES;
				CLANG_WARN_EMPTY_BODY = YES;
				CLANG_WARN_ENUM_CONVERSION = YES;
				CLANG_WARN_INFINITE_RECURSION = YES;
				CLANG_WARN_INT_CONVERSION = YES;
				CLANG_WARN_NON_LITERAL_NULL_CONVERSION = YES;
				CLANG_WARN_OBJC_IMPLICIT_RETAIN_SELF = YES;
				CLANG_WARN_OBJC_LITERAL_CONVERSION = YES;
				CLANG_WARN_OBJC_ROOT_CLASS = YES_ERROR;
				CLANG_WARN_RANGE_LOOP_ANALYSIS = YES;
				CLANG_WARN_STRICT_PROTOTYPES = YES;
				CLANG_WARN_SUSPICIOUS_MOVE = YES;
				CLANG_WARN_UNGUARDED_AVAILABILITY = YES_AGGRESSIVE;
				CLANG_WARN_UNREACHABLE_CODE = YES;
				CLANG_WARN__DUPLICATE_METHOD_MATCH = YES;
				CODE_SIGN_IDENTITY = "iPhone Developer";
				COPY_PHASE_STRIP = NO;
				DEBUG_INFORMATION_FORMAT = "dwarf-with-dsym";
				ENABLE_NS_ASSERTIONS = NO;
				ENABLE_STRICT_OBJC_MSGSEND = YES;
				GCC_C_LANGUAGE_STANDARD = gnu11;
				GCC_NO_COMMON_BLOCKS = YES;
				GCC_WARN_64_TO_32_BIT_CONVERSION = YES;
				GCC_WARN_ABOUT_RETURN_TYPE = YES_ERROR;
				GCC_WARN_UNDECLARED_SELECTOR = YES;
				GCC_WARN_UNINITIALIZED_AUTOS = YES_AGGRESSIVE;
				GCC_WARN_UNUSED_FUNCTION = YES;
				GCC_WARN_UNUSED_VARIABLE = YES;
				IPHONEOS_DEPLOYMENT_TARGET = 12.1;
				MTL_ENABLE_DEBUG_INFO = NO;
				MTL_FAST_MATH = YES;
				SDKROOT = iphoneos;
				SWIFT_COMPILATION_MODE = wholemodule;
				SWIFT_OPTIMIZATION_LEVEL = "-O";
				VALIDATE_PRODUCT = YES;
			};
			name = Release;
		};
		84F9732121900EF600433E65 /* Debug */ = {
			isa = XCBuildConfiguration;
			baseConfigurationReference = 375784E0078E200F7F1EB62D /* Pods-Chongqing traffic.debug.xcconfig */;
			buildSettings = {
				ASSETCATALOG_COMPILER_APPICON_NAME = AppIcon;
				CODE_SIGN_STYLE = Automatic;
				DEVELOPMENT_TEAM = NXJ4UY7738;
				INFOPLIST_FILE = "Chongqing traffic/Info.plist";
				IPHONEOS_DEPLOYMENT_TARGET = 8.0;
				LD_RUNPATH_SEARCH_PATHS = (
					"$(inherited)",
					"@executable_path/Frameworks",
				);
				PRODUCT_BUNDLE_IDENTIFIER = "net.GJYW.Chongqing-traffic";
				PRODUCT_NAME = "$(TARGET_NAME)";
				SWIFT_VERSION = 4.2;
				TARGETED_DEVICE_FAMILY = "1,2";
			};
			name = Debug;
		};
		84F9732221900EF600433E65 /* Release */ = {
			isa = XCBuildConfiguration;
			baseConfigurationReference = EF6D54EE24549DC64EA8B402 /* Pods-Chongqing traffic.release.xcconfig */;
			buildSettings = {
				ASSETCATALOG_COMPILER_APPICON_NAME = AppIcon;
				CODE_SIGN_STYLE = Automatic;
				DEVELOPMENT_TEAM = NXJ4UY7738;
				INFOPLIST_FILE = "Chongqing traffic/Info.plist";
				IPHONEOS_DEPLOYMENT_TARGET = 8.0;
				LD_RUNPATH_SEARCH_PATHS = (
					"$(inherited)",
					"@executable_path/Frameworks",
				);
				PRODUCT_BUNDLE_IDENTIFIER = "net.GJYW.Chongqing-traffic";
				PRODUCT_NAME = "$(TARGET_NAME)";
				SWIFT_VERSION = 4.2;
				TARGETED_DEVICE_FAMILY = "1,2";
			};
			name = Release;
		};
/* End XCBuildConfiguration section */

/* Begin XCConfigurationList section */
		84F9730921900EF400433E65 /* Build configuration list for PBXProject "Chongqing traffic" */ = {
			isa = XCConfigurationList;
			buildConfigurations = (
				84F9731E21900EF600433E65 /* Debug */,
				84F9731F21900EF600433E65 /* Release */,
			);
			defaultConfigurationIsVisible = 0;
			defaultConfigurationName = Release;
		};
		84F9732021900EF600433E65 /* Build configuration list for PBXNativeTarget "Chongqing traffic" */ = {
			isa = XCConfigurationList;
			buildConfigurations = (
				84F9732121900EF600433E65 /* Debug */,
				84F9732221900EF600433E65 /* Release */,
			);
			defaultConfigurationIsVisible = 0;
			defaultConfigurationName = Release;
		};
/* End XCConfigurationList section */
	};
	rootObject = 84F9730621900EF400433E65 /* Project object */;
}
